{
  "name": "@ci-apps/imersao",
  "version": "0.0.1",
  "lockfileVersion": 3,
  "requires": true,
  "packages": {
    "": {
      "name": "@ci-apps/imersao",
      "version": "0.0.1",
      "dependencies": {
        "lil-gui": "^0.19.2",
        "stats": "^1.0.0",
        "tslib": "^2.3.0"
      },
      "peerDependencies": {
        "@angular/common": "^18.0.0",
        "@angular/core": "^18.0.0"
      }
    },
    "node_modules/@angular/common": {
      "version": "18.1.1",
      "resolved": "https://registry.npmjs.org/@angular/common/-/common-18.1.1.tgz",
      "integrity": "sha512-qNfYAapvIi8JyQToSqbg3O5dRXaElv/yNp2evvBGn4UO/liHjdNV/DzgCdyKP7uVbYrR0W3bzj++SxVR3mrATQ==",
      "license": "MIT",
      "peer": true,
      "dependencies": {
        "tslib": "^2.3.0"
      },
      "engines": {
        "node": "^18.19.1 || ^20.11.1 || >=22.0.0"
      },
      "peerDependencies": {
        "@angular/core": "18.1.1",
        "rxjs": "^6.5.3 || ^7.4.0"
      }
    },
    "node_modules/@angular/core": {
      "version": "18.1.1",
      "resolved": "https://registry.npmjs.org/@angular/core/-/core-18.1.1.tgz",
      "integrity": "sha512-/JFQ49fVIthZzdggl7FOCYAjaynbkRcCyiri85kAyTIvJ6aMSIiEKwJCw45WI5ICf2HtC9kz6dr0OKhMR6SeiA==",
      "license": "MIT",
      "peer": true,
      "dependencies": {
        "tslib": "^2.3.0"
      },
      "engines": {
        "node": "^18.19.1 || ^20.11.1 || >=22.0.0"
      },
      "peerDependencies": {
        "rxjs": "^6.5.3 || ^7.4.0",
        "zone.js": "~0.14.0"
      }
    },
    "node_modules/commander": {
      "version": "0.5.2",
      "resolved": "https://registry.npmjs.org/commander/-/commander-0.5.2.tgz",
      "integrity": "sha512-/IKo89++b1UhClEhWvKk00gKgw6iwvwD8TOPTqqN9AyvjgPCnf9OrjnDNY3dPDOj+K+OhN9SRjYQH0AfX0bROw==",
      "engines": {
        "node": ">= 0.4.x"
      }
    },
    "node_modules/lil-gui": {
      "version": "0.19.2",
      "resolved": "https://registry.npmjs.org/lil-gui/-/lil-gui-0.19.2.tgz",
      "integrity": "sha512-nU8j4ND702ouGfQZoaTN4dfXxacvGOAVK0DtmZBVcUYUAeYQXLQAjAN50igMHiba3T5jZyKEjXZU+Ntm1Qs6ZQ==",
      "license": "MIT"
    },
    "node_modules/rxjs": {
      "version": "7.8.1",
      "resolved": "https://registry.npmjs.org/rxjs/-/rxjs-7.8.1.tgz",
      "integrity": "sha512-AA3TVj+0A2iuIoQkWEK/tqFjBq2j+6PO6Y0zJcvzLAFhEFIO3HL0vls9hWLncZbAAbK0mar7oZ4V079I/qPMxg==",
      "license": "Apache-2.0",
      "peer": true,
      "dependencies": {
        "tslib": "^2.1.0"
      }
    },
    "node_modules/stats": {
      "version": "1.0.0",
      "resolved": "https://registry.npmjs.org/stats/-/stats-1.0.0.tgz",
      "integrity": "sha512-YmKiMSrDaYA8Iu8/mPbZQmQLfzUrCstea60zPLkBMjpUveRh89GLipU/7AuMRAAX3aMmnseSuJtkgpPv29VoqA==",
      "dependencies": {
        "commander": "0.5.2"
      },
      "bin": {
        "stats": "bin/stats"
      },
      "engines": {
        "node": ">=0.4.x"
      }
    },
    "node_modules/tslib": {
      "version": "2.6.3",
      "resolved": "https://registry.npmjs.org/tslib/-/tslib-2.6.3.tgz",
      "integrity": "sha512-xNvxJEOUiWPGhUuUdQgAJPKOOJfGnIyKySOc09XkKsgdUV/3E2zvwZYdejjmRgPCgcym1juLH3226yA7sEFJKQ==",
      "license": "0BSD"
    },
    "node_modules/zone.js": {
      "version": "0.14.8",
      "resolved": "https://registry.npmjs.org/zone.js/-/zone.js-0.14.8.tgz",
      "integrity": "sha512-48uh7MnVp4/OQDuCHeFdXw5d8xwPqFTvlHgPJ1LBFb5GaustLSZV+YUH0to5ygNyGpqTsjpbpt141U/j3pCfqQ==",
      "license": "MIT",
      "peer": true
    }
  }
}
